<?xml version="1.0" encoding="utf-8"?>
<Project ToolsVersion="4.0" xmlns="http://schemas.microsoft.com/developer/msbuild/2003">
  <ItemGroup>
    <ClCompile Include="AudioSystem\AudioFile.cpp" />
    <ClCompile Include="AudioSystem\AudioSystem.cpp" />
    <ClCompile Include="Components\Component.cpp" />
    <ClCompile Include="Components\RigidBodyComponent.cpp" />
    <ClCompile Include="Components\SoundEmitterComponent.cpp" />
    <ClCompile Include="Components\SpriteComponent.cpp" />
    <ClCompile Include="Components\TransformComponent.cpp" />
    <ClCompile Include="EventSystem\Delegate.cpp" />
    <ClCompile Include="EventSystem\DelegateGroup.cpp" />
    <ClCompile Include="EventSystem\DelegateGroupMember.cpp" />
    <ClCompile Include="EventSystem\Event.cpp" />
    <ClCompile Include="EventSystem\EventSystem.cpp" />
    <ClCompile Include="EventSystem\ObjectEventManager.cpp" />
    <ClCompile Include="FileSystem\ImagePreloadingMapper.cpp" />
    <ClCompile Include="FileSystem\AudioPreloadingMapper.cpp" />
    <ClCompile Include="FileSystem\File.cpp" />
    <ClCompile Include="FileSystem\LevelPreloader.cpp" />
    <ClCompile Include="GameEngine\GameEngine.cpp" />
    <ClCompile Include="Globals.cpp" />
    <ClCompile Include="Input\Keyboard.cpp" />
    <ClCompile Include="Input\KeyboardState.cpp" />
    <ClCompile Include="Input\Mouse.cpp" />
    <ClCompile Include="Input\MouseState.cpp" />
    <ClCompile Include="Main.cpp" />
    <ClCompile Include="PhsyicsSystem\CollisionInfo.cpp" />
    <ClCompile Include="PhsyicsSystem\PhysicsSystem.cpp" />
    <ClCompile Include="GameEngine\GameTime.cpp" />
    <ClCompile Include="EventSystem\EventCarrier.cpp" />
    <ClCompile Include="Particles\ParticleBuffer.cpp" />
    <ClCompile Include="Components\MenuComponent.cpp" />
    <ClCompile Include="Components\PlayerManagerComponent.cpp" />
    <ClCompile Include="GameEngine\MenuManager.cpp" />
    <ClCompile Include="Components\ParticleComponent.cpp" />
    <ClCompile Include="GameEngine\Utilities.cpp" />
  </ItemGroup>
  <ItemGroup>
    <ClInclude Include="AudioSystem\AudioDefines.hpp" />
    <ClInclude Include="AudioSystem\AudioFile.hpp" />
    <ClInclude Include="AudioSystem\AudioSystem.hpp" />
    <ClInclude Include="Components\Component.hpp" />
    <ClInclude Include="Components\RigidBodyComponent.hpp" />
    <ClInclude Include="Components\SoundEmitterComponent.hpp" />
    <ClInclude Include="Components\SpriteComponent.hpp" />
    <ClInclude Include="Components\TransformComponent.h" />
    <ClInclude Include="EventSystem\Delegate.hpp" />
    <ClInclude Include="EventSystem\DelegateGlobalFunction.hpp" />
    <ClInclude Include="EventSystem\DelegateGroup.hpp" />
    <ClInclude Include="EventSystem\DelegateGroupMember.hpp" />
    <ClInclude Include="EventSystem\DelegateMemberFunction.hpp" />
    <ClInclude Include="EventSystem\Event.hpp" />
    <ClInclude Include="EventSystem\EventSystem.hpp" />
    <ClInclude Include="EventSystem\ObjectEventManager.hpp" />
    <ClInclude Include="EventSystem\ODefines.hpp" />
    <ClInclude Include="Events\KeyboardEvent.hpp" />
    <ClInclude Include="Events\MouseEvents.h" />
    <ClInclude Include="Events\UISelectEvent.hpp" />
    <ClInclude Include="FileSystem\ImagePreloadingMapper.hpp" />
    <ClInclude Include="FileSystem\AudioPreloadingMapper.hpp" />
    <ClInclude Include="FileSystem\File.hpp" />
    <ClInclude Include="FileSystem\LevelPreloader.hpp" />
    <ClInclude Include="GameEngine\ComponentHandle.h" />
    <ClInclude Include="GameEngine\GameEngine.h" />
    <ClInclude Include="Input\Key.h" />
    <ClInclude Include="Globals.hpp" />
    <ClInclude Include="Input\Keyboard.h" />
    <ClInclude Include="Input\KeyboardState.h" />
    <ClInclude Include="Input\Mouse.h" />
    <ClInclude Include="Input\MouseButton.h" />
    <ClInclude Include="Input\MouseState.h" />
    <ClInclude Include="PhsyicsSystem\CollisionInfo.hpp" />
    <ClInclude Include="PhsyicsSystem\PhysicsSystem.hpp" />
    <ClInclude Include="GameEngine\GameTime.h" />
    <ClInclude Include="Events\UpdateEvent.hpp" />
    <ClInclude Include="Components\MenuComponent.hpp" />
    <ClInclude Include="Particles\ParticleBuffer.h" />
    <ClInclude Include="EventSystem\EventCarrier.hpp" />
    <ClInclude Include="Components\ParticleComponent.hpp" />
    <ClInclude Include="Events\UIChangeEvent.hpp" />
    <ClInclude Include="Components\PlayerManagerComponent.hpp" />
    <ClInclude Include="GameEngine\MenuManager.hpp" />
    <ClInclude Include="Events\QuitRequestEvent.hpp" />
    <ClInclude Include="Events\GameStartEvent.hpp" />
    <ClInclude Include="GameEngine\Utilities.hpp" />
    <ClInclude Include="Events\PauseToggleEvent.hpp" />
    <ClInclude Include="Events\CollisionEvent.hpp" />
    <ClInclude Include="Events\SwitchEvent.hpp" />
  </ItemGroup>
  <ItemGroup>
    <None Include="Components\SoundEmitterComponent.tpp" />
    <None Include="EventSystem\DelegateGlobalFunction.tpp" />
    <None Include="EventSystem\DelegateMemberFunction.tpp" />
    <None Include="EventSystem\EventSystem.tpp" />
    <None Include="EventSystem\ObjectEventManager.tpp" />
    <None Include="GameEngine\ComponentHandle.tpp" />
    <None Include="GameEngine\GameEngine.tpp" />
    <None Include="Shaders\Particle.hlsli" />
    <None Include="Shaders\Sprite.hlsli" />
    <None Include="Components\MenuComponent.tpp" />
    <None Include="Events\ShutdownEvent.hpp" />
    <None Include="Components\RigidBodyComponent.tpp" />
  </ItemGroup>
  <ItemGroup>
    <FxCompile Include="Shaders\ParticleVertex.hlsl" />
    <FxCompile Include="Shaders\SpriteVertex.hlsl" />
    <FxCompile Include="Shaders\SpritePixel.hlsl" />
    <FxCompile Include="Shaders\ParticleGeo.hlsl" />
  </ItemGroup>
</Project>